
Microsoft Visual Studio Solution File, Format Version 12.00
# Visual Studio Version 17
VisualStudioVersion = 17.3.32922.545
MinimumVisualStudioVersion = 10.0.40219.1
Project("{9A19103F-16F7-4668-BE54-9A1E7A4F7556}") = "ParkyApi", "..\parky\ParkyApi\ParkyApi.csproj", "{4863E9D0-242A-4724-B21F-20CDEED3E25D}"
EndProject
Project("{9A19103F-16F7-4668-BE54-9A1E7A4F7556}") = "StudentsManagement", "StudentsManagement\StudentsManagement.csproj", "{3CFDB3EA-CBC0-443D-A287-258D62F1F074}"
EndProject
Global
	GlobalSection(SolutionConfigurationPlatforms) = preSolution
		Debug|Any CPU = Debug|Any CPU
		Release|Any CPU = Release|Any CPU
	EndGlobalSection
	GlobalSection(ProjectConfigurationPlatforms) = postSolution
		{4863E9D0-242A-4724-B21F-20CDEED3E25D}.Debug|Any CPU.ActiveCfg = Debug|Any CPU
		{4863E9D0-242A-4724-B21F-20CDEED3E25D}.Debug|Any CPU.Build.0 = Debug|Any CPU
		{4863E9D0-242A-4724-B21F-20CDEED3E25D}.Release|Any CPU.ActiveCfg = Release|Any CPU
		{4863E9D0-242A-4724-B21F-20CDEED3E25D}.Release|Any CPU.Build.0 = Release|Any CPU
		{3CFDB3EA-CBC0-443D-A287-258D62F1F074}.Debug|Any CPU.ActiveCfg = Debug|Any CPU
		{3CFDB3EA-CBC0-443D-A287-258D62F1F074}.Debug|Any CPU.Build.0 = Debug|Any CPU
		{3CFDB3EA-CBC0-443D-A287-258D62F1F074}.Release|Any CPU.ActiveCfg = Release|Any CPU
		{3CFDB3EA-CBC0-443D-A287-258D62F1F074}.Release|Any CPU.Build.0 = Release|Any CPU
	EndGlobalSection
	GlobalSection(SolutionProperties) = preSolution
		HideSolutionNode = FALSE
	EndGlobalSection
	GlobalSection(ExtensibilityGlobals) = postSolution
		SolutionGuid = {2071FD22-731F-45DC-BF5F-AEAF25AA13AE}
	EndGlobalSection
EndGlobal
